
Microsoft Visual Studio Solution File, Format Version 12.00
# Visual Studio Version 17
VisualStudioVersion = 17.4.33110.190
MinimumVisualStudioVersion = 10.0.40219.1
Project("{FAE04EC0-301F-11D3-BF4B-00C04F79EFBC}") = "Operators", "Operators\Operators.csproj", "{9B35800B-67FE-431D-8300-1538AC6783DD}"
EndProject
Global
	GlobalSection(SolutionConfigurationPlatforms) = preSolution
		Debug|Any CPU = Debug|Any CPU
		Release|Any CPU = Release|Any CPU
	EndGlobalSection
	GlobalSection(ProjectConfigurationPlatforms) = postSolution
		{9B35800B-67FE-431D-8300-1538AC6783DD}.Debug|Any CPU.ActiveCfg = Debug|Any CPU
		{9B35800B-67FE-431D-8300-1538AC6783DD}.Debug|Any CPU.Build.0 = Debug|Any CPU
		{9B35800B-67FE-431D-8300-1538AC6783DD}.Release|Any CPU.ActiveCfg = Release|Any CPU
		{9B35800B-67FE-431D-8300-1538AC6783DD}.Release|Any CPU.Build.0 = Release|Any CPU
	EndGlobalSection
	GlobalSection(SolutionProperties) = preSolution
		HideSolutionNode = FALSE
	EndGlobalSection
	GlobalSection(ExtensibilityGlobals) = postSolution
		SolutionGuid = {B7667C47-2155-4792-A63B-6D7808A9B11B}
	EndGlobalSection
EndGlobal
