
Microsoft Visual Studio Solution File, Format Version 12.00
# Visual Studio Version 17
VisualStudioVersion = 17.4.33110.190
MinimumVisualStudioVersion = 10.0.40219.1
Project("{FAE04EC0-301F-11D3-BF4B-00C04F79EFBC}") = "Else-IF", "Else-IF\Else-IF.csproj", "{7F0B5AF0-A74F-454D-8493-A6FA5AE4A862}"
EndProject
Global
	GlobalSection(SolutionConfigurationPlatforms) = preSolution
		Debug|Any CPU = Debug|Any CPU
		Release|Any CPU = Release|Any CPU
	EndGlobalSection
	GlobalSection(ProjectConfigurationPlatforms) = postSolution
		{7F0B5AF0-A74F-454D-8493-A6FA5AE4A862}.Debug|Any CPU.ActiveCfg = Debug|Any CPU
		{7F0B5AF0-A74F-454D-8493-A6FA5AE4A862}.Debug|Any CPU.Build.0 = Debug|Any CPU
		{7F0B5AF0-A74F-454D-8493-A6FA5AE4A862}.Release|Any CPU.ActiveCfg = Release|Any CPU
		{7F0B5AF0-A74F-454D-8493-A6FA5AE4A862}.Release|Any CPU.Build.0 = Release|Any CPU
	EndGlobalSection
	GlobalSection(SolutionProperties) = preSolution
		HideSolutionNode = FALSE
	EndGlobalSection
	GlobalSection(ExtensibilityGlobals) = postSolution
		SolutionGuid = {443572FE-9047-40B9-A3AD-117FAFA2FDF2}
	EndGlobalSection
EndGlobal
