
Microsoft Visual Studio Solution File, Format Version 12.00
# Visual Studio Version 17
VisualStudioVersion = 17.6.33815.320
MinimumVisualStudioVersion = 10.0.40219.1
Project("{FAE04EC0-301F-11D3-BF4B-00C04F79EFBC}") = "C#Tutorial", "C#Tutorial\C#Tutorial.csproj", "{179EFA77-1437-44B2-B1CA-41A99D156C44}"
EndProject
Global
	GlobalSection(SolutionConfigurationPlatforms) = preSolution
		Debug|Any CPU = Debug|Any CPU
		Release|Any CPU = Release|Any CPU
	EndGlobalSection
	GlobalSection(ProjectConfigurationPlatforms) = postSolution
		{179EFA77-1437-44B2-B1CA-41A99D156C44}.Debug|Any CPU.ActiveCfg = Debug|Any CPU
		{179EFA77-1437-44B2-B1CA-41A99D156C44}.Debug|Any CPU.Build.0 = Debug|Any CPU
		{179EFA77-1437-44B2-B1CA-41A99D156C44}.Release|Any CPU.ActiveCfg = Release|Any CPU
		{179EFA77-1437-44B2-B1CA-41A99D156C44}.Release|Any CPU.Build.0 = Release|Any CPU
	EndGlobalSection
	GlobalSection(SolutionProperties) = preSolution
		HideSolutionNode = FALSE
	EndGlobalSection
	GlobalSection(ExtensibilityGlobals) = postSolution
		SolutionGuid = {E0F5FDBE-6AE0-4710-A2AB-317766AE2906}
	EndGlobalSection
EndGlobal
