
Microsoft Visual Studio Solution File, Format Version 12.00
# Visual Studio Version 17
VisualStudioVersion = 17.4.33110.190
MinimumVisualStudioVersion = 10.0.40219.1
Project("{FAE04EC0-301F-11D3-BF4B-00C04F79EFBC}") = "Switch", "Switch\Switch.csproj", "{FE088903-13D0-46B4-8D79-BEB1D262854D}"
EndProject
Global
	GlobalSection(SolutionConfigurationPlatforms) = preSolution
		Debug|Any CPU = Debug|Any CPU
		Release|Any CPU = Release|Any CPU
	EndGlobalSection
	GlobalSection(ProjectConfigurationPlatforms) = postSolution
		{FE088903-13D0-46B4-8D79-BEB1D262854D}.Debug|Any CPU.ActiveCfg = Debug|Any CPU
		{FE088903-13D0-46B4-8D79-BEB1D262854D}.Debug|Any CPU.Build.0 = Debug|Any CPU
		{FE088903-13D0-46B4-8D79-BEB1D262854D}.Release|Any CPU.ActiveCfg = Release|Any CPU
		{FE088903-13D0-46B4-8D79-BEB1D262854D}.Release|Any CPU.Build.0 = Release|Any CPU
	EndGlobalSection
	GlobalSection(SolutionProperties) = preSolution
		HideSolutionNode = FALSE
	EndGlobalSection
	GlobalSection(ExtensibilityGlobals) = postSolution
		SolutionGuid = {DDC44378-D8D2-476B-9D8B-29A40179A2C9}
	EndGlobalSection
EndGlobal
